
Microsoft Visual Studio Solution File, Format Version 12.00
# Visual Studio Version 16
VisualStudioVersion = 16.0.29806.167
MinimumVisualStudioVersion = 10.0.40219.1
Project("{FAE04EC0-301F-11D3-BF4B-00C04F79EFBC}") = "DB.UWP", "DB\DB.UWP\DB.UWP.csproj", "{397805E4-384F-4DFA-86AF-5B6BCC5E5DBF}"
EndProject
Project("{FAE04EC0-301F-11D3-BF4B-00C04F79EFBC}") = "DB.Android", "DB\DB.Android\DB.Android.csproj", "{BF18FC6B-9CAB-4F33-BCC8-E307CC4548E7}"
EndProject
Project("{FAE04EC0-301F-11D3-BF4B-00C04F79EFBC}") = "DB.iOS", "DB\DB.iOS\DB.iOS.csproj", "{DC309B90-DC7D-4651-BF8F-2E96FCAA9E40}"
EndProject
Project("{FAE04EC0-301F-11D3-BF4B-00C04F79EFBC}") = "DB", "DB\DB\DB.csproj", "{D1D6F7E5-2B85-43F0-B25F-BF0E0AF9FDEA}"
EndProject
Global
	GlobalSection(SolutionConfigurationPlatforms) = preSolution
		Debug|Any CPU = Debug|Any CPU
		Debug|ARM = Debug|ARM
		Debug|iPhone = Debug|iPhone
		Debug|iPhoneSimulator = Debug|iPhoneSimulator
		Debug|x64 = Debug|x64
		Debug|x86 = Debug|x86
		Release|Any CPU = Release|Any CPU
		Release|ARM = Release|ARM
		Release|iPhone = Release|iPhone
		Release|iPhoneSimulator = Release|iPhoneSimulator
		Release|x64 = Release|x64
		Release|x86 = Release|x86
	EndGlobalSection
	GlobalSection(ProjectConfigurationPlatforms) = postSolution
		{397805E4-384F-4DFA-86AF-5B6BCC5E5DBF}.Debug|Any CPU.ActiveCfg = Debug|x86
		{397805E4-384F-4DFA-86AF-5B6BCC5E5DBF}.Debug|Any CPU.Build.0 = Debug|x86
		{397805E4-384F-4DFA-86AF-5B6BCC5E5DBF}.Debug|Any CPU.Deploy.0 = Debug|x86
		{397805E4-384F-4DFA-86AF-5B6BCC5E5DBF}.Debug|ARM.ActiveCfg = Debug|ARM
		{397805E4-384F-4DFA-86AF-5B6BCC5E5DBF}.Debug|ARM.Build.0 = Debug|ARM
		{397805E4-384F-4DFA-86AF-5B6BCC5E5DBF}.Debug|ARM.Deploy.0 = Debug|ARM
		{397805E4-384F-4DFA-86AF-5B6BCC5E5DBF}.Debug|iPhone.ActiveCfg = Debug|x86
		{397805E4-384F-4DFA-86AF-5B6BCC5E5DBF}.Debug|iPhone.Build.0 = Debug|x86
		{397805E4-384F-4DFA-86AF-5B6BCC5E5DBF}.Debug|iPhone.Deploy.0 = Debug|x86
		{397805E4-384F-4DFA-86AF-5B6BCC5E5DBF}.Debug|iPhoneSimulator.ActiveCfg = Debug|x86
		{397805E4-384F-4DFA-86AF-5B6BCC5E5DBF}.Debug|iPhoneSimulator.Build.0 = Debug|x86
		{397805E4-384F-4DFA-86AF-5B6BCC5E5DBF}.Debug|iPhoneSimulator.Deploy.0 = Debug|x86
		{397805E4-384F-4DFA-86AF-5B6BCC5E5DBF}.Debug|x64.ActiveCfg = Debug|x64
		{397805E4-384F-4DFA-86AF-5B6BCC5E5DBF}.Debug|x64.Build.0 = Debug|x64
		{397805E4-384F-4DFA-86AF-5B6BCC5E5DBF}.Debug|x64.Deploy.0 = Debug|x64
		{397805E4-384F-4DFA-86AF-5B6BCC5E5DBF}.Debug|x86.ActiveCfg = Debug|x86
		{397805E4-384F-4DFA-86AF-5B6BCC5E5DBF}.Debug|x86.Build.0 = Debug|x86
		{397805E4-384F-4DFA-86AF-5B6BCC5E5DBF}.Debug|x86.Deploy.0 = Debug|x86
		{397805E4-384F-4DFA-86AF-5B6BCC5E5DBF}.Release|Any CPU.ActiveCfg = Release|x86
		{397805E4-384F-4DFA-86AF-5B6BCC5E5DBF}.Release|Any CPU.Build.0 = Release|x86
		{397805E4-384F-4DFA-86AF-5B6BCC5E5DBF}.Release|Any CPU.Deploy.0 = Release|x86
		{397805E4-384F-4DFA-86AF-5B6BCC5E5DBF}.Release|ARM.ActiveCfg = Release|ARM
		{397805E4-384F-4DFA-86AF-5B6BCC5E5DBF}.Release|ARM.Build.0 = Release|ARM
		{397805E4-384F-4DFA-86AF-5B6BCC5E5DBF}.Release|ARM.Deploy.0 = Release|ARM
		{397805E4-384F-4DFA-86AF-5B6BCC5E5DBF}.Release|iPhone.ActiveCfg = Release|x86
		{397805E4-384F-4DFA-86AF-5B6BCC5E5DBF}.Release|iPhone.Build.0 = Release|x86
		{397805E4-384F-4DFA-86AF-5B6BCC5E5DBF}.Release|iPhone.Deploy.0 = Release|x86
		{397805E4-384F-4DFA-86AF-5B6BCC5E5DBF}.Release|iPhoneSimulator.ActiveCfg = Release|x86
		{397805E4-384F-4DFA-86AF-5B6BCC5E5DBF}.Release|iPhoneSimulator.Build.0 = Release|x86
		{397805E4-384F-4DFA-86AF-5B6BCC5E5DBF}.Release|iPhoneSimulator.Deploy.0 = Release|x86
		{397805E4-384F-4DFA-86AF-5B6BCC5E5DBF}.Release|x64.ActiveCfg = Release|x64
		{397805E4-384F-4DFA-86AF-5B6BCC5E5DBF}.Release|x64.Build.0 = Release|x64
		{397805E4-384F-4DFA-86AF-5B6BCC5E5DBF}.Release|x64.Deploy.0 = Release|x64
		{397805E4-384F-4DFA-86AF-5B6BCC5E5DBF}.Release|x86.ActiveCfg = Release|x86
		{397805E4-384F-4DFA-86AF-5B6BCC5E5DBF}.Release|x86.Build.0 = Release|x86
		{397805E4-384F-4DFA-86AF-5B6BCC5E5DBF}.Release|x86.Deploy.0 = Release|x86
		{BF18FC6B-9CAB-4F33-BCC8-E307CC4548E7}.Debug|Any CPU.ActiveCfg = Debug|Any CPU
		{BF18FC6B-9CAB-4F33-BCC8-E307CC4548E7}.Debug|Any CPU.Build.0 = Debug|Any CPU
		{BF18FC6B-9CAB-4F33-BCC8-E307CC4548E7}.Debug|Any CPU.Deploy.0 = Debug|Any CPU
		{BF18FC6B-9CAB-4F33-BCC8-E307CC4548E7}.Debug|ARM.ActiveCfg = Debug|Any CPU
		{BF18FC6B-9CAB-4F33-BCC8-E307CC4548E7}.Debug|ARM.Build.0 = Debug|Any CPU
		{BF18FC6B-9CAB-4F33-BCC8-E307CC4548E7}.Debug|ARM.Deploy.0 = Debug|Any CPU
		{BF18FC6B-9CAB-4F33-BCC8-E307CC4548E7}.Debug|iPhone.ActiveCfg = Debug|Any CPU
		{BF18FC6B-9CAB-4F33-BCC8-E307CC4548E7}.Debug|iPhone.Build.0 = Debug|Any CPU
		{BF18FC6B-9CAB-4F33-BCC8-E307CC4548E7}.Debug|iPhone.Deploy.0 = Debug|Any CPU
		{BF18FC6B-9CAB-4F33-BCC8-E307CC4548E7}.Debug|iPhoneSimulator.ActiveCfg = Debug|Any CPU
		{BF18FC6B-9CAB-4F33-BCC8-E307CC4548E7}.Debug|iPhoneSimulator.Build.0 = Debug|Any CPU
		{BF18FC6B-9CAB-4F33-BCC8-E307CC4548E7}.Debug|iPhoneSimulator.Deploy.0 = Debug|Any CPU
		{BF18FC6B-9CAB-4F33-BCC8-E307CC4548E7}.Debug|x64.ActiveCfg = Debug|Any CPU
		{BF18FC6B-9CAB-4F33-BCC8-E307CC4548E7}.Debug|x64.Build.0 = Debug|Any CPU
		{BF18FC6B-9CAB-4F33-BCC8-E307CC4548E7}.Debug|x64.Deploy.0 = Debug|Any CPU
		{BF18FC6B-9CAB-4F33-BCC8-E307CC4548E7}.Debug|x86.ActiveCfg = Debug|Any CPU
		{BF18FC6B-9CAB-4F33-BCC8-E307CC4548E7}.Debug|x86.Build.0 = Debug|Any CPU
		{BF18FC6B-9CAB-4F33-BCC8-E307CC4548E7}.Debug|x86.Deploy.0 = Debug|Any CPU
		{BF18FC6B-9CAB-4F33-BCC8-E307CC4548E7}.Release|Any CPU.ActiveCfg = Release|Any CPU
		{BF18FC6B-9CAB-4F33-BCC8-E307CC4548E7}.Release|Any CPU.Build.0 = Release|Any CPU
		{BF18FC6B-9CAB-4F33-BCC8-E307CC4548E7}.Release|Any CPU.Deploy.0 = Release|Any CPU
		{BF18FC6B-9CAB-4F33-BCC8-E307CC4548E7}.Release|ARM.ActiveCfg = Release|Any CPU
		{BF18FC6B-9CAB-4F33-BCC8-E307CC4548E7}.Release|ARM.Build.0 = Release|Any CPU
		{BF18FC6B-9CAB-4F33-BCC8-E307CC4548E7}.Release|ARM.Deploy.0 = Release|Any CPU
		{BF18FC6B-9CAB-4F33-BCC8-E307CC4548E7}.Release|iPhone.ActiveCfg = Release|Any CPU
		{BF18FC6B-9CAB-4F33-BCC8-E307CC4548E7}.Release|iPhone.Build.0 = Release|Any CPU
		{BF18FC6B-9CAB-4F33-BCC8-E307CC4548E7}.Release|iPhone.Deploy.0 = Release|Any CPU
		{BF18FC6B-9CAB-4F33-BCC8-E307CC4548E7}.Release|iPhoneSimulator.ActiveCfg = Release|Any CPU
		{BF18FC6B-9CAB-4F33-BCC8-E307CC4548E7}.Release|iPhoneSimulator.Build.0 = Release|Any CPU
		{BF18FC6B-9CAB-4F33-BCC8-E307CC4548E7}.Release|iPhoneSimulator.Deploy.0 = Release|Any CPU
		{BF18FC6B-9CAB-4F33-BCC8-E307CC4548E7}.Release|x64.ActiveCfg = Release|Any CPU
		{BF18FC6B-9CAB-4F33-BCC8-E307CC4548E7}.Release|x64.Build.0 = Release|Any CPU
		{BF18FC6B-9CAB-4F33-BCC8-E307CC4548E7}.Release|x64.Deploy.0 = Release|Any CPU
		{BF18FC6B-9CAB-4F33-BCC8-E307CC4548E7}.Release|x86.ActiveCfg = Release|Any CPU
		{BF18FC6B-9CAB-4F33-BCC8-E307CC4548E7}.Release|x86.Build.0 = Release|Any CPU
		{BF18FC6B-9CAB-4F33-BCC8-E307CC4548E7}.Release|x86.Deploy.0 = Release|Any CPU
		{DC309B90-DC7D-4651-BF8F-2E96FCAA9E40}.Debug|Any CPU.ActiveCfg = Debug|iPhone
		{DC309B90-DC7D-4651-BF8F-2E96FCAA9E40}.Debug|Any CPU.Build.0 = Debug|iPhone
		{DC309B90-DC7D-4651-BF8F-2E96FCAA9E40}.Debug|Any CPU.Deploy.0 = Debug|iPhone
		{DC309B90-DC7D-4651-BF8F-2E96FCAA9E40}.Debug|ARM.ActiveCfg = Debug|iPhoneSimulator
		{DC309B90-DC7D-4651-BF8F-2E96FCAA9E40}.Debug|ARM.Build.0 = Debug|iPhoneSimulator
		{DC309B90-DC7D-4651-BF8F-2E96FCAA9E40}.Debug|ARM.Deploy.0 = Debug|iPhoneSimulator
		{DC309B90-DC7D-4651-BF8F-2E96FCAA9E40}.Debug|iPhone.ActiveCfg = Debug|iPhone
		{DC309B90-DC7D-4651-BF8F-2E96FCAA9E40}.Debug|iPhone.Build.0 = Debug|iPhone
		{DC309B90-DC7D-4651-BF8F-2E96FCAA9E40}.Debug|iPhone.Deploy.0 = Debug|iPhone
		{DC309B90-DC7D-4651-BF8F-2E96FCAA9E40}.Debug|iPhoneSimulator.ActiveCfg = Debug|iPhoneSimulator
		{DC309B90-DC7D-4651-BF8F-2E96FCAA9E40}.Debug|iPhoneSimulator.Build.0 = Debug|iPhoneSimulator
		{DC309B90-DC7D-4651-BF8F-2E96FCAA9E40}.Debug|iPhoneSimulator.Deploy.0 = Debug|iPhoneSimulator
		{DC309B90-DC7D-4651-BF8F-2E96FCAA9E40}.Debug|x64.ActiveCfg = Debug|iPhone
		{DC309B90-DC7D-4651-BF8F-2E96FCAA9E40}.Debug|x64.Build.0 = Debug|iPhone
		{DC309B90-DC7D-4651-BF8F-2E96FCAA9E40}.Debug|x64.Deploy.0 = Debug|iPhone
		{DC309B90-DC7D-4651-BF8F-2E96FCAA9E40}.Debug|x86.ActiveCfg = Debug|iPhone
		{DC309B90-DC7D-4651-BF8F-2E96FCAA9E40}.Debug|x86.Build.0 = Debug|iPhone
		{DC309B90-DC7D-4651-BF8F-2E96FCAA9E40}.Debug|x86.Deploy.0 = Debug|iPhone
		{DC309B90-DC7D-4651-BF8F-2E96FCAA9E40}.Release|Any CPU.ActiveCfg = Release|iPhone
		{DC309B90-DC7D-4651-BF8F-2E96FCAA9E40}.Release|Any CPU.Build.0 = Release|iPhone
		{DC309B90-DC7D-4651-BF8F-2E96FCAA9E40}.Release|Any CPU.Deploy.0 = Release|iPhone
		{DC309B90-DC7D-4651-BF8F-2E96FCAA9E40}.Release|ARM.ActiveCfg = Release|iPhone
		{DC309B90-DC7D-4651-BF8F-2E96FCAA9E40}.Release|ARM.Build.0 = Release|iPhone
		{DC309B90-DC7D-4651-BF8F-2E96FCAA9E40}.Release|ARM.Deploy.0 = Release|iPhone
		{DC309B90-DC7D-4651-BF8F-2E96FCAA9E40}.Release|iPhone.ActiveCfg = Release|iPhone
		{DC309B90-DC7D-4651-BF8F-2E96FCAA9E40}.Release|iPhone.Build.0 = Release|iPhone
		{DC309B90-DC7D-4651-BF8F-2E96FCAA9E40}.Release|iPhone.Deploy.0 = Release|iPhone
		{DC309B90-DC7D-4651-BF8F-2E96FCAA9E40}.Release|iPhoneSimulator.ActiveCfg = Release|iPhoneSimulator
		{DC309B90-DC7D-4651-BF8F-2E96FCAA9E40}.Release|iPhoneSimulator.Build.0 = Release|iPhoneSimulator
		{DC309B90-DC7D-4651-BF8F-2E96FCAA9E40}.Release|iPhoneSimulator.Deploy.0 = Release|iPhoneSimulator
		{DC309B90-DC7D-4651-BF8F-2E96FCAA9E40}.Release|x64.ActiveCfg = Release|iPhone
		{DC309B90-DC7D-4651-BF8F-2E96FCAA9E40}.Release|x64.Build.0 = Release|iPhone
		{DC309B90-DC7D-4651-BF8F-2E96FCAA9E40}.Release|x64.Deploy.0 = Release|iPhone
		{DC309B90-DC7D-4651-BF8F-2E96FCAA9E40}.Release|x86.ActiveCfg = Release|iPhone
		{DC309B90-DC7D-4651-BF8F-2E96FCAA9E40}.Release|x86.Build.0 = Release|iPhone
		{DC309B90-DC7D-4651-BF8F-2E96FCAA9E40}.Release|x86.Deploy.0 = Release|iPhone
		{D1D6F7E5-2B85-43F0-B25F-BF0E0AF9FDEA}.Debug|Any CPU.ActiveCfg = Debug|Any CPU
		{D1D6F7E5-2B85-43F0-B25F-BF0E0AF9FDEA}.Debug|Any CPU.Build.0 = Debug|Any CPU
		{D1D6F7E5-2B85-43F0-B25F-BF0E0AF9FDEA}.Debug|Any CPU.Deploy.0 = Debug|Any CPU
		{D1D6F7E5-2B85-43F0-B25F-BF0E0AF9FDEA}.Debug|ARM.ActiveCfg = Debug|Any CPU
		{D1D6F7E5-2B85-43F0-B25F-BF0E0AF9FDEA}.Debug|ARM.Build.0 = Debug|Any CPU
		{D1D6F7E5-2B85-43F0-B25F-BF0E0AF9FDEA}.Debug|ARM.Deploy.0 = Debug|Any CPU
		{D1D6F7E5-2B85-43F0-B25F-BF0E0AF9FDEA}.Debug|iPhone.ActiveCfg = Debug|Any CPU
		{D1D6F7E5-2B85-43F0-B25F-BF0E0AF9FDEA}.Debug|iPhone.Build.0 = Debug|Any CPU
		{D1D6F7E5-2B85-43F0-B25F-BF0E0AF9FDEA}.Debug|iPhone.Deploy.0 = Debug|Any CPU
		{D1D6F7E5-2B85-43F0-B25F-BF0E0AF9FDEA}.Debug|iPhoneSimulator.ActiveCfg = Debug|Any CPU
		{D1D6F7E5-2B85-43F0-B25F-BF0E0AF9FDEA}.Debug|iPhoneSimulator.Build.0 = Debug|Any CPU
		{D1D6F7E5-2B85-43F0-B25F-BF0E0AF9FDEA}.Debug|iPhoneSimulator.Deploy.0 = Debug|Any CPU
		{D1D6F7E5-2B85-43F0-B25F-BF0E0AF9FDEA}.Debug|x64.ActiveCfg = Debug|Any CPU
		{D1D6F7E5-2B85-43F0-B25F-BF0E0AF9FDEA}.Debug|x64.Build.0 = Debug|Any CPU
		{D1D6F7E5-2B85-43F0-B25F-BF0E0AF9FDEA}.Debug|x64.Deploy.0 = Debug|Any CPU
		{D1D6F7E5-2B85-43F0-B25F-BF0E0AF9FDEA}.Debug|x86.ActiveCfg = Debug|Any CPU
		{D1D6F7E5-2B85-43F0-B25F-BF0E0AF9FDEA}.Debug|x86.Build.0 = Debug|Any CPU
		{D1D6F7E5-2B85-43F0-B25F-BF0E0AF9FDEA}.Debug|x86.Deploy.0 = Debug|Any CPU
		{D1D6F7E5-2B85-43F0-B25F-BF0E0AF9FDEA}.Release|Any CPU.ActiveCfg = Release|Any CPU
		{D1D6F7E5-2B85-43F0-B25F-BF0E0AF9FDEA}.Release|Any CPU.Build.0 = Release|Any CPU
		{D1D6F7E5-2B85-43F0-B25F-BF0E0AF9FDEA}.Release|Any CPU.Deploy.0 = Release|Any CPU
		{D1D6F7E5-2B85-43F0-B25F-BF0E0AF9FDEA}.Release|ARM.ActiveCfg = Release|Any CPU
		{D1D6F7E5-2B85-43F0-B25F-BF0E0AF9FDEA}.Release|ARM.Build.0 = Release|Any CPU
		{D1D6F7E5-2B85-43F0-B25F-BF0E0AF9FDEA}.Release|ARM.Deploy.0 = Release|Any CPU
		{D1D6F7E5-2B85-43F0-B25F-BF0E0AF9FDEA}.Release|iPhone.ActiveCfg = Release|Any CPU
		{D1D6F7E5-2B85-43F0-B25F-BF0E0AF9FDEA}.Release|iPhone.Build.0 = Release|Any CPU
		{D1D6F7E5-2B85-43F0-B25F-BF0E0AF9FDEA}.Release|iPhone.Deploy.0 = Release|Any CPU
		{D1D6F7E5-2B85-43F0-B25F-BF0E0AF9FDEA}.Release|iPhoneSimulator.ActiveCfg = Release|Any CPU
		{D1D6F7E5-2B85-43F0-B25F-BF0E0AF9FDEA}.Release|iPhoneSimulator.Build.0 = Release|Any CPU
		{D1D6F7E5-2B85-43F0-B25F-BF0E0AF9FDEA}.Release|iPhoneSimulator.Deploy.0 = Release|Any CPU
		{D1D6F7E5-2B85-43F0-B25F-BF0E0AF9FDEA}.Release|x64.ActiveCfg = Release|Any CPU
		{D1D6F7E5-2B85-43F0-B25F-BF0E0AF9FDEA}.Release|x64.Build.0 = Release|Any CPU
		{D1D6F7E5-2B85-43F0-B25F-BF0E0AF9FDEA}.Release|x64.Deploy.0 = Release|Any CPU
		{D1D6F7E5-2B85-43F0-B25F-BF0E0AF9FDEA}.Release|x86.ActiveCfg = Release|Any CPU
		{D1D6F7E5-2B85-43F0-B25F-BF0E0AF9FDEA}.Release|x86.Build.0 = Release|Any CPU
		{D1D6F7E5-2B85-43F0-B25F-BF0E0AF9FDEA}.Release|x86.Deploy.0 = Release|Any CPU
	EndGlobalSection
	GlobalSection(SolutionProperties) = preSolution
		HideSolutionNode = FALSE
	EndGlobalSection
	GlobalSection(ExtensibilityGlobals) = postSolution
		SolutionGuid = {8EAF7F45-8BCF-419F-AD32-6FB5C86EB930}
	EndGlobalSection
EndGlobal
